{
  "version": 4,
  "terraform_version": "0.12.19",
  "serial": 389,
  "lineage": "dbe885c0-c748-8ca0-533b-3fc0189ecba4",
  "outputs": {},
  "resources": [
    {
      "mode": "managed",
      "type": "aws_eks_node_group",
      "name": "alxmedium_eks_node_group",
      "provider": "provider.aws",
      "instances": []
    },
    {
      "mode": "managed",
      "type": "aws_iam_role",
      "name": "alxmedium_eks_cluster_role",
      "provider": "provider.aws",
      "instances": [
        {
          "schema_version": 0,
          "attributes": {
            "arn": "arn:aws:iam::262933287493:role/alxmedium_eks_cluster_role",
            "assume_role_policy": "{\"Version\":\"2012-10-17\",\"Statement\":[{\"Effect\":\"Allow\",\"Principal\":{\"Service\":\"eks.amazonaws.com\"},\"Action\":\"sts:AssumeRole\"}]}",
            "create_date": "2020-04-29T00:20:58Z",
            "description": "",
            "force_detach_policies": true,
            "id": "alxmedium_eks_cluster_role",
            "max_session_duration": 3600,
            "name": "alxmedium_eks_cluster_role",
            "name_prefix": null,
            "path": "/",
            "permissions_boundary": null,
            "tags": {
              "Name": "alxmedium_eks_cluster_role"
            },
            "unique_id": "AROAT2OALSJCZQNPMA4GY"
          },
          "private": "bnVsbA=="
        }
      ]
    },
    {
      "mode": "managed",
      "type": "aws_iam_role",
      "name": "alxmedium_eks_node_group_role",
      "provider": "provider.aws",
      "instances": [
        {
          "schema_version": 0,
          "attributes": {
            "arn": "arn:aws:iam::262933287493:role/alxmedium_eks_node_group_role",
            "assume_role_policy": "{\"Version\":\"2012-10-17\",\"Statement\":[{\"Effect\":\"Allow\",\"Principal\":{\"Service\":\"ec2.amazonaws.com\"},\"Action\":\"sts:AssumeRole\"}]}",
            "create_date": "2020-04-29T00:20:58Z",
            "description": "",
            "force_detach_policies": true,
            "id": "alxmedium_eks_node_group_role",
            "max_session_duration": 3600,
            "name": "alxmedium_eks_node_group_role",
            "name_prefix": null,
            "path": "/",
            "permissions_boundary": null,
            "tags": {
              "Name": "alxmedium_eks_node_group_role"
            },
            "unique_id": "AROAT2OALSJCZFBTLT56O"
          },
          "private": "bnVsbA=="
        }
      ]
    },
    {
      "mode": "managed",
      "type": "aws_iam_role_policy_attachment",
      "name": "alxmedium_eks_cluster_role_attach_amazonekscluster_policy",
      "provider": "provider.aws",
      "instances": [
        {
          "schema_version": 0,
          "attributes": {
            "id": "alxmedium_eks_cluster_role-20200429002100837000000001",
            "policy_arn": "arn:aws:iam::aws:policy/AmazonEKSClusterPolicy",
            "role": "alxmedium_eks_cluster_role"
          },
          "private": "bnVsbA==",
          "dependencies": [
            "aws_iam_role.alxmedium_eks_cluster_role"
          ]
        }
      ]
    },
    {
      "mode": "managed",
      "type": "aws_iam_role_policy_attachment",
      "name": "alxmedium_eks_cluster_role_attach_amazoneksservice_policy",
      "provider": "provider.aws",
      "instances": [
        {
          "schema_version": 0,
          "attributes": {
            "id": "alxmedium_eks_cluster_role-20200429002101026000000002",
            "policy_arn": "arn:aws:iam::aws:policy/AmazonEKSServicePolicy",
            "role": "alxmedium_eks_cluster_role"
          },
          "private": "bnVsbA==",
          "dependencies": [
            "aws_iam_role.alxmedium_eks_cluster_role"
          ]
        }
      ]
    },
    {
      "mode": "managed",
      "type": "aws_iam_role_policy_attachment",
      "name": "alxmedium_eks_node_group_role_attach_amazonec2containerresgitryonly_policy",
      "provider": "provider.aws",
      "instances": [
        {
          "schema_version": 0,
          "attributes": {
            "id": "alxmedium_eks_node_group_role-20200429002101100300000005",
            "policy_arn": "arn:aws:iam::aws:policy/AmazonEC2ContainerRegistryReadOnly",
            "role": "alxmedium_eks_node_group_role"
          },
          "private": "bnVsbA==",
          "dependencies": [
            "aws_iam_role.alxmedium_eks_node_group_role"
          ]
        }
      ]
    },
    {
      "mode": "managed",
      "type": "aws_iam_role_policy_attachment",
      "name": "alxmedium_eks_node_group_role_attach_amazonekscni_policy",
      "provider": "provider.aws",
      "instances": [
        {
          "schema_version": 0,
          "attributes": {
            "id": "alxmedium_eks_node_group_role-20200429002101068000000003",
            "policy_arn": "arn:aws:iam::aws:policy/AmazonEKS_CNI_Policy",
            "role": "alxmedium_eks_node_group_role"
          },
          "private": "bnVsbA==",
          "dependencies": [
            "aws_iam_role.alxmedium_eks_node_group_role"
          ]
        }
      ]
    },
    {
      "mode": "managed",
      "type": "aws_iam_role_policy_attachment",
      "name": "alxmedium_eks_node_group_role_attach_amazoneksworkernode_policy",
      "provider": "provider.aws",
      "instances": [
        {
          "schema_version": 0,
          "attributes": {
            "id": "alxmedium_eks_node_group_role-20200429002101071500000004",
            "policy_arn": "arn:aws:iam::aws:policy/AmazonEKSWorkerNodePolicy",
            "role": "alxmedium_eks_node_group_role"
          },
          "private": "bnVsbA==",
          "dependencies": [
            "aws_iam_role.alxmedium_eks_node_group_role"
          ]
        }
      ]
    },
    {
      "mode": "managed",
      "type": "aws_internet_gateway",
      "name": "alxmedium_internet_gateway",
      "provider": "provider.aws",
      "instances": [
        {
          "schema_version": 0,
          "attributes": {
            "id": "igw-06989a7f6cdceb69a",
            "owner_id": "262933287493",
            "tags": {
              "Name": "alxmedium_internet_gateway_route_table_subnet_1"
            },
            "vpc_id": "vpc-0d724ccfa3fdb2c08"
          },
          "private": "bnVsbA==",
          "dependencies": [
            "aws_vpc.alxmedium_vpc"
          ]
        }
      ]
    },
    {
      "mode": "managed",
      "type": "aws_route_table",
      "name": "alxmedium_route_table_subnet_1",
      "provider": "provider.aws",
      "instances": [
        {
          "schema_version": 0,
          "attributes": {
            "id": "rtb-0618aed6109b85e95",
            "owner_id": "262933287493",
            "propagating_vgws": [],
            "route": [
              {
                "cidr_block": "0.0.0.0/0",
                "egress_only_gateway_id": "",
                "gateway_id": "igw-06989a7f6cdceb69a",
                "instance_id": "",
                "ipv6_cidr_block": "",
                "nat_gateway_id": "",
                "network_interface_id": "",
                "transit_gateway_id": "",
                "vpc_peering_connection_id": ""
              }
            ],
            "tags": {
              "Name": "alxmedium_route_table_subnet_1"
            },
            "vpc_id": "vpc-0d724ccfa3fdb2c08"
          },
          "private": "bnVsbA==",
          "dependencies": [
            "aws_internet_gateway.alxmedium_internet_gateway",
            "aws_vpc.alxmedium_vpc"
          ]
        }
      ]
    },
    {
      "mode": "managed",
      "type": "aws_route_table",
      "name": "alxmedium_route_table_subnet_2",
      "provider": "provider.aws",
      "instances": [
        {
          "schema_version": 0,
          "attributes": {
            "id": "rtb-07221d96758df1e4e",
            "owner_id": "262933287493",
            "propagating_vgws": [],
            "route": [
              {
                "cidr_block": "0.0.0.0/0",
                "egress_only_gateway_id": "",
                "gateway_id": "igw-06989a7f6cdceb69a",
                "instance_id": "",
                "ipv6_cidr_block": "",
                "nat_gateway_id": "",
                "network_interface_id": "",
                "transit_gateway_id": "",
                "vpc_peering_connection_id": ""
              }
            ],
            "tags": {
              "Name": "alxmedium_route_table_subnet_2"
            },
            "vpc_id": "vpc-0d724ccfa3fdb2c08"
          },
          "private": "bnVsbA==",
          "dependencies": [
            "aws_internet_gateway.alxmedium_internet_gateway",
            "aws_vpc.alxmedium_vpc"
          ]
        }
      ]
    },
    {
      "mode": "managed",
      "type": "aws_route_table_association",
      "name": "alxmedium_subnet_1_route_table_association",
      "provider": "provider.aws",
      "instances": [
        {
          "schema_version": 0,
          "attributes": {
            "gateway_id": null,
            "id": "rtbassoc-09a6ec8232db3e53a",
            "route_table_id": "rtb-0618aed6109b85e95",
            "subnet_id": "subnet-050789e426762cc7b"
          },
          "private": "bnVsbA==",
          "dependencies": [
            "aws_internet_gateway.alxmedium_internet_gateway",
            "aws_route_table.alxmedium_route_table_subnet_1",
            "aws_subnet.alxmedium_subnet_1",
            "aws_vpc.alxmedium_vpc"
          ]
        }
      ]
    },
    {
      "mode": "managed",
      "type": "aws_route_table_association",
      "name": "alxmedium_subnet_2_route_table_association",
      "provider": "provider.aws",
      "instances": [
        {
          "schema_version": 0,
          "attributes": {
            "gateway_id": null,
            "id": "rtbassoc-08d62cf8f277a4b6c",
            "route_table_id": "rtb-07221d96758df1e4e",
            "subnet_id": "subnet-04615e55f2cd9b715"
          },
          "private": "bnVsbA==",
          "dependencies": [
            "aws_internet_gateway.alxmedium_internet_gateway",
            "aws_route_table.alxmedium_route_table_subnet_2",
            "aws_subnet.alxmedium_subnet_2",
            "aws_vpc.alxmedium_vpc"
          ]
        }
      ]
    },
    {
      "mode": "managed",
      "type": "aws_security_group",
      "name": "alxmedium_eks_cluster_security_group",
      "provider": "provider.aws",
      "instances": [
        {
          "schema_version": 1,
          "attributes": {
            "arn": "arn:aws:ec2:us-east-1:262933287493:security-group/sg-00ae9df80d3819e46",
            "description": "Managed by Terraform",
            "egress": [
              {
                "cidr_blocks": [
                  "0.0.0.0/0"
                ],
                "description": "",
                "from_port": 0,
                "ipv6_cidr_blocks": [],
                "prefix_list_ids": [],
                "protocol": "-1",
                "security_groups": [],
                "self": false,
                "to_port": 0
              }
            ],
            "id": "sg-00ae9df80d3819e46",
            "ingress": [
              {
                "cidr_blocks": [
                  "187.190.21.206/32"
                ],
                "description": "",
                "from_port": 443,
                "ipv6_cidr_blocks": [],
                "prefix_list_ids": [],
                "protocol": "tcp",
                "security_groups": [],
                "self": false,
                "to_port": 443
              }
            ],
            "name": "alxmedium_eks_cluster_security_group",
            "name_prefix": null,
            "owner_id": "262933287493",
            "revoke_rules_on_delete": false,
            "tags": {
              "Name": "alxmedium_eks_cluster_security_group"
            },
            "timeouts": null,
            "vpc_id": "vpc-0d724ccfa3fdb2c08"
          },
          "private": "eyJlMmJmYjczMC1lY2FhLTExZTYtOGY4OC0zNDM2M2JjN2M0YzAiOnsiY3JlYXRlIjo2MDAwMDAwMDAwMDAsImRlbGV0ZSI6NjAwMDAwMDAwMDAwfSwic2NoZW1hX3ZlcnNpb24iOiIxIn0=",
          "dependencies": [
            "aws_vpc.alxmedium_vpc"
          ]
        }
      ]
    },
    {
      "mode": "managed",
      "type": "aws_subnet",
      "name": "alxmedium_subnet_1",
      "provider": "provider.aws",
      "instances": [
        {
          "schema_version": 1,
          "attributes": {
            "arn": "arn:aws:ec2:us-east-1:262933287493:subnet/subnet-050789e426762cc7b",
            "assign_ipv6_address_on_creation": false,
            "availability_zone": "us-east-1b",
            "availability_zone_id": "use1-az1",
            "cidr_block": "10.0.0.0/24",
            "id": "subnet-050789e426762cc7b",
            "ipv6_cidr_block": "",
            "ipv6_cidr_block_association_id": "",
            "map_public_ip_on_launch": false,
            "owner_id": "262933287493",
            "tags": {
              "Name": "alxmedium_subnet_1",
              "kubernetes.io/cluster/alxmedium_eks_cluster": "shared",
              "kubernetes.io/role/elb": "1"
            },
            "timeouts": null,
            "vpc_id": "vpc-0d724ccfa3fdb2c08"
          },
          "private": "eyJlMmJmYjczMC1lY2FhLTExZTYtOGY4OC0zNDM2M2JjN2M0YzAiOnsiY3JlYXRlIjo2MDAwMDAwMDAwMDAsImRlbGV0ZSI6MTIwMDAwMDAwMDAwMH0sInNjaGVtYV92ZXJzaW9uIjoiMSJ9",
          "dependencies": [
            "aws_vpc.alxmedium_vpc"
          ]
        }
      ]
    },
    {
      "mode": "managed",
      "type": "aws_subnet",
      "name": "alxmedium_subnet_2",
      "provider": "provider.aws",
      "instances": [
        {
          "schema_version": 1,
          "attributes": {
            "arn": "arn:aws:ec2:us-east-1:262933287493:subnet/subnet-04615e55f2cd9b715",
            "assign_ipv6_address_on_creation": false,
            "availability_zone": "us-east-1c",
            "availability_zone_id": "use1-az2",
            "cidr_block": "10.0.1.0/24",
            "id": "subnet-04615e55f2cd9b715",
            "ipv6_cidr_block": "",
            "ipv6_cidr_block_association_id": "",
            "map_public_ip_on_launch": false,
            "owner_id": "262933287493",
            "tags": {
              "Name": "alxmedium_subnet_2",
              "kubernetes.io/cluster/alxmedium_eks_cluster": "shared",
              "kubernetes.io/role/elb": "1"
            },
            "timeouts": null,
            "vpc_id": "vpc-0d724ccfa3fdb2c08"
          },
          "private": "eyJlMmJmYjczMC1lY2FhLTExZTYtOGY4OC0zNDM2M2JjN2M0YzAiOnsiY3JlYXRlIjo2MDAwMDAwMDAwMDAsImRlbGV0ZSI6MTIwMDAwMDAwMDAwMH0sInNjaGVtYV92ZXJzaW9uIjoiMSJ9",
          "dependencies": [
            "aws_vpc.alxmedium_vpc"
          ]
        }
      ]
    },
    {
      "mode": "managed",
      "type": "aws_subnet",
      "name": "alxmedium_subnet_3",
      "provider": "provider.aws",
      "instances": [
        {
          "schema_version": 1,
          "attributes": {
            "arn": "arn:aws:ec2:us-east-1:262933287493:subnet/subnet-04ec2693a3e75cf47",
            "assign_ipv6_address_on_creation": false,
            "availability_zone": "us-east-1e",
            "availability_zone_id": "use1-az3",
            "cidr_block": "10.0.2.0/24",
            "id": "subnet-04ec2693a3e75cf47",
            "ipv6_cidr_block": "",
            "ipv6_cidr_block_association_id": "",
            "map_public_ip_on_launch": false,
            "owner_id": "262933287493",
            "tags": {
              "Name": "alxmedium_subnet_3",
              "kubernetes.io/cluster/alxmedium_eks_cluster": "shared",
              "kubernetes.io/role/internal-elb": "1"
            },
            "timeouts": null,
            "vpc_id": "vpc-0d724ccfa3fdb2c08"
          },
          "private": "eyJlMmJmYjczMC1lY2FhLTExZTYtOGY4OC0zNDM2M2JjN2M0YzAiOnsiY3JlYXRlIjo2MDAwMDAwMDAwMDAsImRlbGV0ZSI6MTIwMDAwMDAwMDAwMH0sInNjaGVtYV92ZXJzaW9uIjoiMSJ9",
          "dependencies": [
            "aws_vpc.alxmedium_vpc"
          ]
        }
      ]
    },
    {
      "mode": "managed",
      "type": "aws_subnet",
      "name": "alxmedium_subnet_4",
      "provider": "provider.aws",
      "instances": [
        {
          "schema_version": 1,
          "attributes": {
            "arn": "arn:aws:ec2:us-east-1:262933287493:subnet/subnet-0f3142c099bb4c8f0",
            "assign_ipv6_address_on_creation": false,
            "availability_zone": "us-east-1d",
            "availability_zone_id": "use1-az4",
            "cidr_block": "10.0.3.0/24",
            "id": "subnet-0f3142c099bb4c8f0",
            "ipv6_cidr_block": "",
            "ipv6_cidr_block_association_id": "",
            "map_public_ip_on_launch": false,
            "owner_id": "262933287493",
            "tags": {
              "Name": "alxmedium_subnet_4",
              "kubernetes.io/cluster/alxmedium_eks_cluster": "shared",
              "kubernetes.io/role/internal-elb": "1"
            },
            "timeouts": null,
            "vpc_id": "vpc-0d724ccfa3fdb2c08"
          },
          "private": "eyJlMmJmYjczMC1lY2FhLTExZTYtOGY4OC0zNDM2M2JjN2M0YzAiOnsiY3JlYXRlIjo2MDAwMDAwMDAwMDAsImRlbGV0ZSI6MTIwMDAwMDAwMDAwMH0sInNjaGVtYV92ZXJzaW9uIjoiMSJ9",
          "dependencies": [
            "aws_vpc.alxmedium_vpc"
          ]
        }
      ]
    },
    {
      "mode": "managed",
      "type": "aws_vpc",
      "name": "alxmedium_vpc",
      "provider": "provider.aws",
      "instances": [
        {
          "schema_version": 1,
          "attributes": {
            "arn": "arn:aws:ec2:us-east-1:262933287493:vpc/vpc-0d724ccfa3fdb2c08",
            "assign_generated_ipv6_cidr_block": false,
            "cidr_block": "10.0.0.0/16",
            "default_network_acl_id": "acl-08afdcaa77d240e01",
            "default_route_table_id": "rtb-0af0dfd92c80e1e55",
            "default_security_group_id": "sg-053c8d58ecb50db16",
            "dhcp_options_id": "dopt-4c0bc436",
            "enable_classiclink": false,
            "enable_classiclink_dns_support": false,
            "enable_dns_hostnames": false,
            "enable_dns_support": true,
            "id": "vpc-0d724ccfa3fdb2c08",
            "instance_tenancy": "default",
            "ipv6_association_id": "",
            "ipv6_cidr_block": "",
            "main_route_table_id": "rtb-0af0dfd92c80e1e55",
            "owner_id": "262933287493",
            "tags": {
              "Name": "alxmedium_vpc",
              "kubernetes.io/cluster/alxmedium_eks_cluster": "shared"
            }
          },
          "private": "eyJzY2hlbWFfdmVyc2lvbiI6IjEifQ=="
        }
      ]
    }
  ]
}
