{
  "version": 4,
  "terraform_version": "0.12.19",
  "serial": 546,
  "lineage": "dbe885c0-c748-8ca0-533b-3fc0189ecba4",
  "outputs": {},
  "resources": [
    {
      "mode": "managed",
      "type": "aws_eks_cluster",
      "name": "alxmedium_eks_cluster",
      "provider": "provider.aws",
      "instances": [
        {
          "schema_version": 0,
          "attributes": {
            "arn": "arn:aws:eks:us-east-1:262933287493:cluster/alxmedium_eks_cluster",
            "certificate_authority": [
              {
                "data": "LS0tLS1CRUdJTiBDRVJUSUZJQ0FURS0tLS0tCk1JSUN5RENDQWJDZ0F3SUJBZ0lCQURBTkJna3Foa2lHOXcwQkFRc0ZBREFWTVJNd0VRWURWUVFERXdwcmRXSmwKY201bGRHVnpNQjRYRFRJd01EUXlPVEF5TkRZeE1Gb1hEVE13TURReU56QXlORFl4TUZvd0ZURVRNQkVHQTFVRQpBeE1LYTNWaVpYSnVaWFJsY3pDQ0FTSXdEUVlKS29aSWh2Y05BUUVCQlFBRGdnRVBBRENDQVFvQ2dnRUJBTDkwClBuajNKdUxFMnFwdlZzU2RZS3JOWjI5RmhTcUZ4Yy9WOW4ydjZ3WElXU21sRmF4dkxEbnNTdzhOS1NoTWx3bkkKQmJTdWZ3VTFLSlY3QWY5b2ZwVm9OUW1MR3U3WmFycVJsYTNpOFp4d2pPVmc3OVBwVmpnZytPcEZ6SnpaWURGTApYS2tjK3Iycnp6VmpEUVlWRDRjWjVlemZPdnJRL0czNmlCSWVzb0ZvS0E5em92UzJzZmIrR3l5NXRXV2YvQlFBCkVxZTdnNGVDa1BkOTVtejdXa0NRc1JsbERWc1RBOEJKdnJzTFpWMGV0ajlQaEtpR0tCdkhIdWI1TW5QOEh6NUcKalNvRjF5SjYwZWhJeWFWNEhVWWtBemxieDQzaDZqZVBJaGdvK25DcVdRWGRlbk5IODk0SUZ6TDV5c1dadHNkRApNQVhiRG5tZWhCVmp3ZkV3bkg4Q0F3RUFBYU1qTUNFd0RnWURWUjBQQVFIL0JBUURBZ0trTUE4R0ExVWRFd0VCCi93UUZNQU1CQWY4d0RRWUpLb1pJaHZjTkFRRUxCUUFEZ2dFQkFDeEltRU1URU9IeEc5TlJPdmdsQTZLUXRueEMKZjBLWTY0blRrYVordEpOSkQyNjdtbkRmOGJIaitGNTFhb1RmN3kvWUNIbkZXTVdQWm1ta2JBcnJkOWI3SXlwcApHNDgzMmtqbTlrMnMxRnp2UVZhWXBSaDFTQS9qTVNldDZVeUJreE1LbFBkOGdTb3dtZDgwNUNSRlhOQ00zZUQ0CmxBV3lqcXRic05kRHYweXZQWFBDWEw5a0tqNFV1cHMrSldvdi9xYkNqMXg5QW5MSXBEdkRKb2FVTkNjTkc5ZUoKOUhJNWxDaTlJWXM3dm9XRkQ4MWhRWHM4VmVyQzAremc5MlZGc0hvdXlrMUhaMkJHQkZtcFNyTGhTeHZTcjg4ZApORTlwa0dJNjB1SjQzNGZzaEF1L0R6NklyTHpKb0x4emV2OFVQbFQ3eUJiOFJCd2I4ZHBCSE0zL2tzUT0KLS0tLS1FTkQgQ0VSVElGSUNBVEUtLS0tLQo="
              }
            ],
            "created_at": "2020-04-29 02:37:28 +0000 UTC",
            "enabled_cluster_log_types": null,
            "endpoint": "https://5E4E163413641392A3C03A3FAD95331C.yl4.us-east-1.eks.amazonaws.com",
            "id": "alxmedium_eks_cluster",
            "identity": [
              {
                "oidc": [
                  {
                    "issuer": "https://oidc.eks.us-east-1.amazonaws.com/id/5E4E163413641392A3C03A3FAD95331C"
                  }
                ]
              }
            ],
            "name": "alxmedium_eks_cluster",
            "platform_version": "eks.2",
            "role_arn": "arn:aws:iam::262933287493:role/alxmedium_eks_cluster_role",
            "status": "ACTIVE",
            "tags": {
              "Name": "alxmedium_eks_cluster"
            },
            "timeouts": null,
            "version": "1.15",
            "vpc_config": [
              {
                "cluster_security_group_id": "sg-0f748979379f37a81",
                "endpoint_private_access": false,
                "endpoint_public_access": true,
                "public_access_cidrs": [
                  "0.0.0.0/0"
                ],
                "security_group_ids": [
                  "sg-0b3b3b113e97466a3"
                ],
                "subnet_ids": [
                  "subnet-054353db3d948e917",
                  "subnet-054d846e856dc0792",
                  "subnet-086764738987247f5",
                  "subnet-0df9e913f89a4271a"
                ],
                "vpc_id": "vpc-04852116777a70d84"
              }
            ]
          },
          "private": "eyJlMmJmYjczMC1lY2FhLTExZTYtOGY4OC0zNDM2M2JjN2M0YzAiOnsiY3JlYXRlIjoxODAwMDAwMDAwMDAwLCJkZWxldGUiOjkwMDAwMDAwMDAwMCwidXBkYXRlIjozNjAwMDAwMDAwMDAwfX0=",
          "dependencies": [
            "aws_iam_role.alxmedium_eks_cluster_role",
            "aws_iam_role_policy_attachment.alxmedium_eks_cluster_role_attach_amazonekscluster_policy",
            "aws_iam_role_policy_attachment.alxmedium_eks_cluster_role_attach_amazoneksservice_policy",
            "aws_security_group.alxmedium_eks_cluster_security_group",
            "aws_subnet.alxmedium_subnet_1",
            "aws_subnet.alxmedium_subnet_2",
            "aws_subnet.alxmedium_subnet_3",
            "aws_subnet.alxmedium_subnet_4",
            "aws_vpc.alxmedium_vpc"
          ]
        }
      ]
    },
    {
      "mode": "managed",
      "type": "aws_eks_node_group",
      "name": "alxmedium_eks_node_group",
      "provider": "provider.aws",
      "instances": [
        {
          "schema_version": 0,
          "attributes": {
            "ami_type": "AL2_x86_64",
            "arn": "arn:aws:eks:us-east-1:262933287493:nodegroup/alxmedium_eks_cluster/alxmedium_eks_node_group/44b8e1ec-0cd7-4105-3667-d08af45bfaf2",
            "cluster_name": "alxmedium_eks_cluster",
            "disk_size": 20,
            "id": "alxmedium_eks_cluster:alxmedium_eks_node_group",
            "instance_types": [
              "t3.medium"
            ],
            "labels": null,
            "node_group_name": "alxmedium_eks_node_group",
            "node_role_arn": "arn:aws:iam::262933287493:role/alxmedium_eks_node_group_role",
            "release_version": "1.15.10-20200228",
            "remote_access": [],
            "resources": [
              {
                "autoscaling_groups": [
                  {
                    "name": "eks-44b8e1ec-0cd7-4105-3667-d08af45bfaf2"
                  }
                ],
                "remote_access_security_group_id": ""
              }
            ],
            "scaling_config": [
              {
                "desired_size": 1,
                "max_size": 3,
                "min_size": 1
              }
            ],
            "status": "ACTIVE",
            "subnet_ids": [
              "subnet-054353db3d948e917",
              "subnet-054d846e856dc0792",
              "subnet-086764738987247f5",
              "subnet-0df9e913f89a4271a"
            ],
            "tags": {
              "Name": "alxmedium_eks_node_group",
              "kubernetes.io/cluster/alxmedium_eks_cluster": "shared"
            },
            "timeouts": null,
            "version": "1.15"
          },
          "private": "eyJlMmJmYjczMC1lY2FhLTExZTYtOGY4OC0zNDM2M2JjN2M0YzAiOnsiY3JlYXRlIjozNjAwMDAwMDAwMDAwLCJkZWxldGUiOjM2MDAwMDAwMDAwMDAsInVwZGF0ZSI6MzYwMDAwMDAwMDAwMH19",
          "dependencies": [
            "aws_eks_cluster.alxmedium_eks_cluster",
            "aws_iam_role.alxmedium_eks_cluster_role",
            "aws_iam_role.alxmedium_eks_node_group_role",
            "aws_iam_role_policy_attachment.alxmedium_eks_cluster_role_attach_amazonekscluster_policy",
            "aws_iam_role_policy_attachment.alxmedium_eks_cluster_role_attach_amazoneksservice_policy",
            "aws_iam_role_policy_attachment.alxmedium_eks_node_group_role_attach_amazonec2containerresgitryonly_policy",
            "aws_iam_role_policy_attachment.alxmedium_eks_node_group_role_attach_amazonekscni_policy",
            "aws_iam_role_policy_attachment.alxmedium_eks_node_group_role_attach_amazoneksworkernode_policy",
            "aws_security_group.alxmedium_eks_cluster_security_group",
            "aws_subnet.alxmedium_subnet_1",
            "aws_subnet.alxmedium_subnet_2",
            "aws_subnet.alxmedium_subnet_3",
            "aws_subnet.alxmedium_subnet_4",
            "aws_vpc.alxmedium_vpc"
          ]
        }
      ]
    },
    {
      "mode": "managed",
      "type": "aws_iam_role",
      "name": "alxmedium_eks_cluster_role",
      "provider": "provider.aws",
      "instances": [
        {
          "schema_version": 0,
          "attributes": {
            "arn": "arn:aws:iam::262933287493:role/alxmedium_eks_cluster_role",
            "assume_role_policy": "{\"Version\":\"2012-10-17\",\"Statement\":[{\"Effect\":\"Allow\",\"Principal\":{\"Service\":\"eks.amazonaws.com\"},\"Action\":\"sts:AssumeRole\"}]}",
            "create_date": "2020-04-29T02:36:04Z",
            "description": "",
            "force_detach_policies": true,
            "id": "alxmedium_eks_cluster_role",
            "max_session_duration": 3600,
            "name": "alxmedium_eks_cluster_role",
            "name_prefix": null,
            "path": "/",
            "permissions_boundary": null,
            "tags": {
              "Name": "alxmedium_eks_cluster_role"
            },
            "unique_id": "AROAT2OALSJCZETG32OTW"
          },
          "private": "bnVsbA=="
        }
      ]
    },
    {
      "mode": "managed",
      "type": "aws_iam_role",
      "name": "alxmedium_eks_node_group_role",
      "provider": "provider.aws",
      "instances": [
        {
          "schema_version": 0,
          "attributes": {
            "arn": "arn:aws:iam::262933287493:role/alxmedium_eks_node_group_role",
            "assume_role_policy": "{\"Version\":\"2012-10-17\",\"Statement\":[{\"Effect\":\"Allow\",\"Principal\":{\"Service\":\"ec2.amazonaws.com\"},\"Action\":\"sts:AssumeRole\"}]}",
            "create_date": "2020-04-29T02:36:04Z",
            "description": "",
            "force_detach_policies": true,
            "id": "alxmedium_eks_node_group_role",
            "max_session_duration": 3600,
            "name": "alxmedium_eks_node_group_role",
            "name_prefix": null,
            "path": "/",
            "permissions_boundary": null,
            "tags": {
              "Name": "alxmedium_eks_node_group_role"
            },
            "unique_id": "AROAT2OALSJCUY7T2GOOL"
          },
          "private": "bnVsbA=="
        }
      ]
    },
    {
      "mode": "managed",
      "type": "aws_iam_role_policy_attachment",
      "name": "alxmedium_eks_cluster_role_attach_amazonekscluster_policy",
      "provider": "provider.aws",
      "instances": [
        {
          "schema_version": 0,
          "attributes": {
            "id": "alxmedium_eks_cluster_role-20200429023610269200000001",
            "policy_arn": "arn:aws:iam::aws:policy/AmazonEKSClusterPolicy",
            "role": "alxmedium_eks_cluster_role"
          },
          "private": "bnVsbA==",
          "dependencies": [
            "aws_iam_role.alxmedium_eks_cluster_role"
          ]
        }
      ]
    },
    {
      "mode": "managed",
      "type": "aws_iam_role_policy_attachment",
      "name": "alxmedium_eks_cluster_role_attach_amazoneksservice_policy",
      "provider": "provider.aws",
      "instances": [
        {
          "schema_version": 0,
          "attributes": {
            "id": "alxmedium_eks_cluster_role-20200429023610795900000003",
            "policy_arn": "arn:aws:iam::aws:policy/AmazonEKSServicePolicy",
            "role": "alxmedium_eks_cluster_role"
          },
          "private": "bnVsbA==",
          "dependencies": [
            "aws_iam_role.alxmedium_eks_cluster_role"
          ]
        }
      ]
    },
    {
      "mode": "managed",
      "type": "aws_iam_role_policy_attachment",
      "name": "alxmedium_eks_node_group_role_attach_amazonec2containerresgitryonly_policy",
      "provider": "provider.aws",
      "instances": [
        {
          "schema_version": 0,
          "attributes": {
            "id": "alxmedium_eks_node_group_role-20200429023610797200000005",
            "policy_arn": "arn:aws:iam::aws:policy/AmazonEC2ContainerRegistryReadOnly",
            "role": "alxmedium_eks_node_group_role"
          },
          "private": "bnVsbA==",
          "dependencies": [
            "aws_iam_role.alxmedium_eks_node_group_role"
          ]
        }
      ]
    },
    {
      "mode": "managed",
      "type": "aws_iam_role_policy_attachment",
      "name": "alxmedium_eks_node_group_role_attach_amazonekscni_policy",
      "provider": "provider.aws",
      "instances": [
        {
          "schema_version": 0,
          "attributes": {
            "id": "alxmedium_eks_node_group_role-20200429023610797100000004",
            "policy_arn": "arn:aws:iam::aws:policy/AmazonEKS_CNI_Policy",
            "role": "alxmedium_eks_node_group_role"
          },
          "private": "bnVsbA==",
          "dependencies": [
            "aws_iam_role.alxmedium_eks_node_group_role"
          ]
        }
      ]
    },
    {
      "mode": "managed",
      "type": "aws_iam_role_policy_attachment",
      "name": "alxmedium_eks_node_group_role_attach_amazoneksworkernode_policy",
      "provider": "provider.aws",
      "instances": [
        {
          "schema_version": 0,
          "attributes": {
            "id": "alxmedium_eks_node_group_role-20200429023610795700000002",
            "policy_arn": "arn:aws:iam::aws:policy/AmazonEKSWorkerNodePolicy",
            "role": "alxmedium_eks_node_group_role"
          },
          "private": "bnVsbA==",
          "dependencies": [
            "aws_iam_role.alxmedium_eks_node_group_role"
          ]
        }
      ]
    },
    {
      "mode": "managed",
      "type": "aws_internet_gateway",
      "name": "alxmedium_internet_gateway",
      "provider": "provider.aws",
      "instances": [
        {
          "schema_version": 0,
          "attributes": {
            "id": "igw-095be84b67026dba1",
            "owner_id": "262933287493",
            "tags": {
              "Name": "alxmedium_internet_gateway_route_table_subnet_1"
            },
            "vpc_id": "vpc-04852116777a70d84"
          },
          "private": "bnVsbA==",
          "dependencies": [
            "aws_vpc.alxmedium_vpc"
          ]
        }
      ]
    },
    {
      "mode": "managed",
      "type": "aws_route_table",
      "name": "alxmedium_route_table_subnet_1",
      "provider": "provider.aws",
      "instances": [
        {
          "schema_version": 0,
          "attributes": {
            "id": "rtb-01a19ef1efe4ba9f2",
            "owner_id": "262933287493",
            "propagating_vgws": [],
            "route": [
              {
                "cidr_block": "0.0.0.0/0",
                "egress_only_gateway_id": "",
                "gateway_id": "igw-095be84b67026dba1",
                "instance_id": "",
                "ipv6_cidr_block": "",
                "nat_gateway_id": "",
                "network_interface_id": "",
                "transit_gateway_id": "",
                "vpc_peering_connection_id": ""
              }
            ],
            "tags": {
              "Name": "alxmedium_route_table_subnet_1"
            },
            "vpc_id": "vpc-04852116777a70d84"
          },
          "private": "bnVsbA==",
          "dependencies": [
            "aws_internet_gateway.alxmedium_internet_gateway",
            "aws_vpc.alxmedium_vpc"
          ]
        }
      ]
    },
    {
      "mode": "managed",
      "type": "aws_route_table",
      "name": "alxmedium_route_table_subnet_2",
      "provider": "provider.aws",
      "instances": [
        {
          "schema_version": 0,
          "attributes": {
            "id": "rtb-045faa4bd1b7dc234",
            "owner_id": "262933287493",
            "propagating_vgws": [],
            "route": [
              {
                "cidr_block": "0.0.0.0/0",
                "egress_only_gateway_id": "",
                "gateway_id": "igw-095be84b67026dba1",
                "instance_id": "",
                "ipv6_cidr_block": "",
                "nat_gateway_id": "",
                "network_interface_id": "",
                "transit_gateway_id": "",
                "vpc_peering_connection_id": ""
              }
            ],
            "tags": {
              "Name": "alxmedium_route_table_subnet_2"
            },
            "vpc_id": "vpc-04852116777a70d84"
          },
          "private": "bnVsbA==",
          "dependencies": [
            "aws_internet_gateway.alxmedium_internet_gateway",
            "aws_vpc.alxmedium_vpc"
          ]
        }
      ]
    },
    {
      "mode": "managed",
      "type": "aws_route_table_association",
      "name": "alxmedium_subnet_1_route_table_association",
      "provider": "provider.aws",
      "instances": [
        {
          "schema_version": 0,
          "attributes": {
            "gateway_id": null,
            "id": "rtbassoc-0e5d21a35e85ab5c0",
            "route_table_id": "rtb-01a19ef1efe4ba9f2",
            "subnet_id": "subnet-054d846e856dc0792"
          },
          "private": "bnVsbA==",
          "dependencies": [
            "aws_internet_gateway.alxmedium_internet_gateway",
            "aws_route_table.alxmedium_route_table_subnet_1",
            "aws_subnet.alxmedium_subnet_1",
            "aws_vpc.alxmedium_vpc"
          ]
        }
      ]
    },
    {
      "mode": "managed",
      "type": "aws_route_table_association",
      "name": "alxmedium_subnet_2_route_table_association",
      "provider": "provider.aws",
      "instances": [
        {
          "schema_version": 0,
          "attributes": {
            "gateway_id": null,
            "id": "rtbassoc-089059b48791faff0",
            "route_table_id": "rtb-045faa4bd1b7dc234",
            "subnet_id": "subnet-086764738987247f5"
          },
          "private": "bnVsbA==",
          "dependencies": [
            "aws_internet_gateway.alxmedium_internet_gateway",
            "aws_route_table.alxmedium_route_table_subnet_2",
            "aws_subnet.alxmedium_subnet_2",
            "aws_vpc.alxmedium_vpc"
          ]
        }
      ]
    },
    {
      "mode": "managed",
      "type": "aws_security_group",
      "name": "alxmedium_eks_cluster_security_group",
      "provider": "provider.aws",
      "instances": [
        {
          "schema_version": 1,
          "attributes": {
            "arn": "arn:aws:ec2:us-east-1:262933287493:security-group/sg-0b3b3b113e97466a3",
            "description": "Managed by Terraform",
            "egress": [
              {
                "cidr_blocks": [
                  "0.0.0.0/0"
                ],
                "description": "",
                "from_port": 0,
                "ipv6_cidr_blocks": [],
                "prefix_list_ids": [],
                "protocol": "-1",
                "security_groups": [],
                "self": false,
                "to_port": 0
              }
            ],
            "id": "sg-0b3b3b113e97466a3",
            "ingress": [
              {
                "cidr_blocks": [
                  "187.190.21.206/32"
                ],
                "description": "",
                "from_port": 443,
                "ipv6_cidr_blocks": [],
                "prefix_list_ids": [],
                "protocol": "tcp",
                "security_groups": [],
                "self": false,
                "to_port": 443
              }
            ],
            "name": "alxmedium_eks_cluster_security_group",
            "name_prefix": null,
            "owner_id": "262933287493",
            "revoke_rules_on_delete": false,
            "tags": {
              "Name": "alxmedium_eks_cluster_security_group"
            },
            "timeouts": null,
            "vpc_id": "vpc-04852116777a70d84"
          },
          "private": "eyJlMmJmYjczMC1lY2FhLTExZTYtOGY4OC0zNDM2M2JjN2M0YzAiOnsiY3JlYXRlIjo2MDAwMDAwMDAwMDAsImRlbGV0ZSI6NjAwMDAwMDAwMDAwfSwic2NoZW1hX3ZlcnNpb24iOiIxIn0=",
          "dependencies": [
            "aws_vpc.alxmedium_vpc"
          ]
        }
      ]
    },
    {
      "mode": "managed",
      "type": "aws_subnet",
      "name": "alxmedium_subnet_1",
      "provider": "provider.aws",
      "instances": [
        {
          "schema_version": 1,
          "attributes": {
            "arn": "arn:aws:ec2:us-east-1:262933287493:subnet/subnet-054d846e856dc0792",
            "assign_ipv6_address_on_creation": false,
            "availability_zone": "us-east-1a",
            "availability_zone_id": "use1-az6",
            "cidr_block": "10.0.0.0/24",
            "id": "subnet-054d846e856dc0792",
            "ipv6_cidr_block": "",
            "ipv6_cidr_block_association_id": "",
            "map_public_ip_on_launch": true,
            "owner_id": "262933287493",
            "tags": {
              "Name": "alxmedium_subnet_1",
              "kubernetes.io/cluster/alxmedium_eks_cluster": "shared",
              "kubernetes.io/role/elb": "1"
            },
            "timeouts": null,
            "vpc_id": "vpc-04852116777a70d84"
          },
          "private": "eyJlMmJmYjczMC1lY2FhLTExZTYtOGY4OC0zNDM2M2JjN2M0YzAiOnsiY3JlYXRlIjo2MDAwMDAwMDAwMDAsImRlbGV0ZSI6MTIwMDAwMDAwMDAwMH0sInNjaGVtYV92ZXJzaW9uIjoiMSJ9",
          "dependencies": [
            "aws_vpc.alxmedium_vpc"
          ]
        }
      ]
    },
    {
      "mode": "managed",
      "type": "aws_subnet",
      "name": "alxmedium_subnet_2",
      "provider": "provider.aws",
      "instances": [
        {
          "schema_version": 1,
          "attributes": {
            "arn": "arn:aws:ec2:us-east-1:262933287493:subnet/subnet-086764738987247f5",
            "assign_ipv6_address_on_creation": false,
            "availability_zone": "us-east-1b",
            "availability_zone_id": "use1-az1",
            "cidr_block": "10.0.1.0/24",
            "id": "subnet-086764738987247f5",
            "ipv6_cidr_block": "",
            "ipv6_cidr_block_association_id": "",
            "map_public_ip_on_launch": true,
            "owner_id": "262933287493",
            "tags": {
              "Name": "alxmedium_subnet_2",
              "kubernetes.io/cluster/alxmedium_eks_cluster": "shared",
              "kubernetes.io/role/elb": "1"
            },
            "timeouts": null,
            "vpc_id": "vpc-04852116777a70d84"
          },
          "private": "eyJlMmJmYjczMC1lY2FhLTExZTYtOGY4OC0zNDM2M2JjN2M0YzAiOnsiY3JlYXRlIjo2MDAwMDAwMDAwMDAsImRlbGV0ZSI6MTIwMDAwMDAwMDAwMH0sInNjaGVtYV92ZXJzaW9uIjoiMSJ9",
          "dependencies": [
            "aws_vpc.alxmedium_vpc"
          ]
        }
      ]
    },
    {
      "mode": "managed",
      "type": "aws_subnet",
      "name": "alxmedium_subnet_3",
      "provider": "provider.aws",
      "instances": [
        {
          "schema_version": 1,
          "attributes": {
            "arn": "arn:aws:ec2:us-east-1:262933287493:subnet/subnet-054353db3d948e917",
            "assign_ipv6_address_on_creation": false,
            "availability_zone": "us-east-1c",
            "availability_zone_id": "use1-az2",
            "cidr_block": "10.0.2.0/24",
            "id": "subnet-054353db3d948e917",
            "ipv6_cidr_block": "",
            "ipv6_cidr_block_association_id": "",
            "map_public_ip_on_launch": false,
            "owner_id": "262933287493",
            "tags": {
              "Name": "alxmedium_subnet_3",
              "kubernetes.io/cluster/alxmedium_eks_cluster": "shared",
              "kubernetes.io/role/internal-elb": "1"
            },
            "timeouts": null,
            "vpc_id": "vpc-04852116777a70d84"
          },
          "private": "eyJlMmJmYjczMC1lY2FhLTExZTYtOGY4OC0zNDM2M2JjN2M0YzAiOnsiY3JlYXRlIjo2MDAwMDAwMDAwMDAsImRlbGV0ZSI6MTIwMDAwMDAwMDAwMH0sInNjaGVtYV92ZXJzaW9uIjoiMSJ9",
          "dependencies": [
            "aws_vpc.alxmedium_vpc"
          ]
        }
      ]
    },
    {
      "mode": "managed",
      "type": "aws_subnet",
      "name": "alxmedium_subnet_4",
      "provider": "provider.aws",
      "instances": [
        {
          "schema_version": 1,
          "attributes": {
            "arn": "arn:aws:ec2:us-east-1:262933287493:subnet/subnet-0df9e913f89a4271a",
            "assign_ipv6_address_on_creation": false,
            "availability_zone": "us-east-1d",
            "availability_zone_id": "use1-az4",
            "cidr_block": "10.0.3.0/24",
            "id": "subnet-0df9e913f89a4271a",
            "ipv6_cidr_block": "",
            "ipv6_cidr_block_association_id": "",
            "map_public_ip_on_launch": false,
            "owner_id": "262933287493",
            "tags": {
              "Name": "alxmedium_subnet_4",
              "kubernetes.io/cluster/alxmedium_eks_cluster": "shared",
              "kubernetes.io/role/internal-elb": "1"
            },
            "timeouts": null,
            "vpc_id": "vpc-04852116777a70d84"
          },
          "private": "eyJlMmJmYjczMC1lY2FhLTExZTYtOGY4OC0zNDM2M2JjN2M0YzAiOnsiY3JlYXRlIjo2MDAwMDAwMDAwMDAsImRlbGV0ZSI6MTIwMDAwMDAwMDAwMH0sInNjaGVtYV92ZXJzaW9uIjoiMSJ9",
          "dependencies": [
            "aws_vpc.alxmedium_vpc"
          ]
        }
      ]
    },
    {
      "mode": "managed",
      "type": "aws_vpc",
      "name": "alxmedium_vpc",
      "provider": "provider.aws",
      "instances": [
        {
          "schema_version": 1,
          "attributes": {
            "arn": "arn:aws:ec2:us-east-1:262933287493:vpc/vpc-04852116777a70d84",
            "assign_generated_ipv6_cidr_block": false,
            "cidr_block": "10.0.0.0/16",
            "default_network_acl_id": "acl-04bdfe229b143faa6",
            "default_route_table_id": "rtb-07d7df578103674be",
            "default_security_group_id": "sg-0e13713f115f2a315",
            "dhcp_options_id": "dopt-4c0bc436",
            "enable_classiclink": false,
            "enable_classiclink_dns_support": false,
            "enable_dns_hostnames": false,
            "enable_dns_support": true,
            "id": "vpc-04852116777a70d84",
            "instance_tenancy": "default",
            "ipv6_association_id": "",
            "ipv6_cidr_block": "",
            "main_route_table_id": "rtb-07d7df578103674be",
            "owner_id": "262933287493",
            "tags": {
              "Name": "alxmedium_vpc",
              "kubernetes.io/cluster/alxmedium_eks_cluster": "shared"
            }
          },
          "private": "eyJzY2hlbWFfdmVyc2lvbiI6IjEifQ=="
        }
      ]
    }
  ]
}
